schema: '2.0'
stages:
  preprocessing:
    cmd: python prepare_dataset.py
    deps:
    - path: data/iris.csv
      md5: 8215afc33f59c42a868782d853fa8200
      size: 4607
    - path: prepare_dataset.py
      md5: 02f5553b4240dff1c6e1ceae26891ecd
      size: 703
    outs:
    - path: data/test/iris_test.csv
      md5: fe55ea60b10d748eb11e75d9d50ec529
      size: 1059
    - path: data/train/iris_train.csv
      md5: 5da922502f9464b7b7bd58cb40e4fb71
      size: 2397
  evaluate:
    cmd: python evaluate.py
    deps:
    - path: data/test/iris_test.csv
      md5: fe55ea60b10d748eb11e75d9d50ec529
      size: 1059
    - path: evaluate.py
      md5: 5ec5191b49802de31436e7a4e24d83d7
      size: 688
    outs:
    - path: metrics.txt
      md5: 2cb3ce47e3908fdc153f1e22c27d419c
      size: 31
  kmeans_train:
    cmd: python k-means/k-means.py
    deps:
    - path: data/test/iris_test.csv
      md5: fe55ea60b10d748eb11e75d9d50ec529
      size: 1059
    - path: data/train/iris_train.csv
      md5: 5da922502f9464b7b7bd58cb40e4fb71
      size: 2397
    - path: k-means/k-means.py
      md5: d6d074ce4a36af2c8711a7589f2882eb
      size: 1326
    outs:
    - path: k-means/predict.txt
      md5: 71080036595cb3f5602a7cc2da186edd
      size: 180
  eval:
    cmd: python evaluate.py
    deps:
    - path: data/test/iris_test.csv
      md5: fe55ea60b10d748eb11e75d9d50ec529
      size: 1059
    - path: evaluate.py
      md5: 5ec5191b49802de31436e7a4e24d83d7
      size: 688
    - path: k-means/k-means.py
      md5: d6d074ce4a36af2c8711a7589f2882eb
      size: 1326
    - path: k-means/predict.txt
      md5: 71080036595cb3f5602a7cc2da186edd
      size: 180
    outs:
    - path: metrics.txt
      md5: 2cb3ce47e3908fdc153f1e22c27d419c
      size: 31
